{
  "version": 4,
  "terraform_version": "1.1.6",
  "serial": 43,
  "lineage": "c11b8c7b-4ae4-30f3-3c09-3c9992e73ff2",
  "outputs": {},
  "resources": [
    {
      "mode": "data",
      "type": "azurerm_resource_group",
      "name": "main",
      "provider": "provider[\"registry.terraform.io/hashicorp/azurerm\"]",
      "instances": [
        {
          "schema_version": 0,
          "attributes": {
            "id": "/subscriptions/d33b95c7-af3c-4247-9661-aa96d47fccc0/resourceGroups/Zurich1_BenNorton_ProjectExercise",
            "location": "uksouth",
            "name": "Zurich1_BenNorton_ProjectExercise",
            "tags": {},
            "timeouts": null
          },
          "sensitive_attributes": []
        }
      ]
    },
    {
      "mode": "managed",
      "type": "azurerm_app_service",
      "name": "main",
      "provider": "provider[\"registry.terraform.io/hashicorp/azurerm\"]",
      "instances": [
        {
          "schema_version": 0,
          "attributes": {
            "app_service_plan_id": "/subscriptions/d33b95c7-af3c-4247-9661-aa96d47fccc0/resourceGroups/Zurich1_BenNorton_ProjectExercise/providers/Microsoft.Web/serverfarms/dva-terraformed-asp",
            "app_settings": {
              "CLIENT_ID": "7fbc92de3ce4f03de02d",
              "CLIENT_SECRET": "027ca2c90d99d5faf167466e5ac47188d8a6b1f9",
              "DATABASE_NAME": "todo_app_database",
              "DOCKER_REGISTRY_SERVER_PASSWORD": "DuskyDoc04",
              "DOCKER_REGISTRY_SERVER_URL": "https://index.docker.io",
              "DOCKER_REGISTRY_SERVER_USERNAME": "bennorton",
              "FLASK_APP": "todo_app/app",
              "FLASK_ENV": "production",
              "FLASK_SKIP_DOTENV": "true",
              "LOGIN_DISABLED": "false",
              "MONGODB_CONNECTION_STRING": "mongodb://dva-cosmos-db-account-terraformed:1C6sG39xC6EhJaM6XpyKxOXl0nxlgjacHTnZaJkpwiCjTuyDUgGS83Gpe4ySSlmKoo6wh6T0RzvKz2iNnzu1Qw==@dva-cosmos-db-account-terraformed.mongo.cosmos.azure.com:10255/?ssl=true\u0026replicaSet=globaldb\u0026retrywrites=false\u0026maxIdleTimeMS=120000\u0026appName=@dva-cosmos-db-account-terraformed@",
              "OUATHLIB_INSECURE_TRANSPORT": "1",
              "PORT": "5000",
              "SECRET_KEY": "0ff8517078004fcffcbe84a3e79e343a4926e9ed6baa7fccbfb210ce4ae914c1"
            },
            "auth_settings": [
              {
                "active_directory": [],
                "additional_login_params": {},
                "allowed_external_redirect_urls": [],
                "default_provider": "",
                "enabled": false,
                "facebook": [],
                "google": [],
                "issuer": "",
                "microsoft": [],
                "runtime_version": "",
                "token_refresh_extension_hours": 0,
                "token_store_enabled": false,
                "twitter": [],
                "unauthenticated_client_action": ""
              }
            ],
            "backup": [],
            "client_affinity_enabled": false,
            "client_cert_enabled": false,
            "client_cert_mode": "Required",
            "connection_string": [],
            "custom_domain_verification_id": "C11362A7BC6B6AE47600B6CA026E5B947B6577DA4AE022E214743600719CCB1D",
            "default_site_hostname": "dva-app-service-terraformed.azurewebsites.net",
            "enabled": true,
            "https_only": false,
            "id": "/subscriptions/d33b95c7-af3c-4247-9661-aa96d47fccc0/resourceGroups/Zurich1_BenNorton_ProjectExercise/providers/Microsoft.Web/sites/dva-app-service-terraformed",
            "identity": [],
            "key_vault_reference_identity_id": "SystemAssigned",
            "location": "uksouth",
            "logs": [
              {
                "application_logs": [
                  {
                    "azure_blob_storage": [],
                    "file_system_level": "Off"
                  }
                ],
                "detailed_error_messages_enabled": false,
                "failed_request_tracing_enabled": false,
                "http_logs": [
                  {
                    "azure_blob_storage": [],
                    "file_system": []
                  }
                ]
              }
            ],
            "name": "dva-app-service-terraformed",
            "outbound_ip_address_list": [
              "20.108.56.240",
              "20.108.58.75",
              "20.108.58.110",
              "20.108.58.123",
              "20.108.58.125",
              "20.108.58.128",
              "51.104.28.79"
            ],
            "outbound_ip_addresses": "20.108.56.240,20.108.58.75,20.108.58.110,20.108.58.123,20.108.58.125,20.108.58.128,51.104.28.79",
            "possible_outbound_ip_address_list": [
              "20.108.56.240",
              "20.108.58.75",
              "20.108.58.110",
              "20.108.58.123",
              "20.108.58.125",
              "20.108.58.128",
              "20.108.56.251",
              "20.108.58.158",
              "20.108.58.163",
              "20.108.58.165",
              "20.108.58.173",
              "20.108.58.177",
              "20.108.58.178",
              "20.108.58.200",
              "20.108.58.205",
              "20.108.57.227",
              "20.108.58.211",
              "20.108.58.214",
              "20.90.71.54",
              "20.90.71.64",
              "20.90.71.69",
              "20.90.71.111",
              "20.90.71.139",
              "20.90.71.146",
              "51.104.28.79"
            ],
            "possible_outbound_ip_addresses": "20.108.56.240,20.108.58.75,20.108.58.110,20.108.58.123,20.108.58.125,20.108.58.128,20.108.56.251,20.108.58.158,20.108.58.163,20.108.58.165,20.108.58.173,20.108.58.177,20.108.58.178,20.108.58.200,20.108.58.205,20.108.57.227,20.108.58.211,20.108.58.214,20.90.71.54,20.90.71.64,20.90.71.69,20.90.71.111,20.90.71.139,20.90.71.146,51.104.28.79",
            "resource_group_name": "Zurich1_BenNorton_ProjectExercise",
            "site_config": [
              {
                "acr_use_managed_identity_credentials": false,
                "acr_user_managed_identity_client_id": "",
                "always_on": false,
                "app_command_line": "",
                "auto_swap_slot_name": "",
                "cors": [
                  {
                    "allowed_origins": [],
                    "support_credentials": false
                  }
                ],
                "default_documents": [],
                "dotnet_framework_version": "v4.0",
                "ftps_state": "AllAllowed",
                "health_check_path": "",
                "http2_enabled": false,
                "ip_restriction": [],
                "java_container": "",
                "java_container_version": "",
                "java_version": "",
                "linux_fx_version": "DOCKER|bennorton/todo-app-production:latest",
                "local_mysql_enabled": false,
                "managed_pipeline_mode": "Integrated",
                "min_tls_version": "1.2",
                "number_of_workers": 1,
                "php_version": "",
                "python_version": "",
                "remote_debugging_enabled": false,
                "remote_debugging_version": "VS2019",
                "scm_ip_restriction": [],
                "scm_type": "None",
                "scm_use_main_ip_restriction": false,
                "use_32_bit_worker_process": false,
                "vnet_route_all_enabled": false,
                "websockets_enabled": false,
                "windows_fx_version": ""
              }
            ],
            "site_credential": [
              {
                "password": "YmMJtFG8KewgCKdSDkcoJPBse17eavXgyugh3JT9Kyp8BQuvaJFCB9S6C2Qn",
                "username": "$dva-app-service-terraformed"
              }
            ],
            "source_control": [
              {
                "branch": "main",
                "manual_integration": false,
                "repo_url": "",
                "rollback_enabled": false,
                "use_mercurial": false
              }
            ],
            "storage_account": [],
            "tags": {},
            "timeouts": null
          },
          "sensitive_attributes": [
            [
              {
                "type": "get_attr",
                "value": "app_settings"
              },
              {
                "type": "index",
                "value": {
                  "value": "CLIENT_SECRET",
                  "type": "string"
                }
              }
            ],
            [
              {
                "type": "get_attr",
                "value": "app_settings"
              },
              {
                "type": "index",
                "value": {
                  "value": "DOCKER_REGISTRY_SERVER_PASSWORD",
                  "type": "string"
                }
              }
            ],
            [
              {
                "type": "get_attr",
                "value": "app_settings"
              },
              {
                "type": "index",
                "value": {
                  "value": "MONGODB_CONNECTION_STRING",
                  "type": "string"
                }
              }
            ]
          ],
          "private": "eyJlMmJmYjczMC1lY2FhLTExZTYtOGY4OC0zNDM2M2JjN2M0YzAiOnsiY3JlYXRlIjoxODAwMDAwMDAwMDAwLCJkZWxldGUiOjE4MDAwMDAwMDAwMDAsInJlYWQiOjMwMDAwMDAwMDAwMCwidXBkYXRlIjoxODAwMDAwMDAwMDAwfX0=",
          "dependencies": [
            "azurerm_app_service_plan.main",
            "azurerm_cosmosdb_account.main",
            "data.azurerm_resource_group.main"
          ]
        }
      ]
    },
    {
      "mode": "managed",
      "type": "azurerm_app_service_plan",
      "name": "main",
      "provider": "provider[\"registry.terraform.io/hashicorp/azurerm\"]",
      "instances": [
        {
          "schema_version": 0,
          "attributes": {
            "app_service_environment_id": "",
            "id": "/subscriptions/d33b95c7-af3c-4247-9661-aa96d47fccc0/resourceGroups/Zurich1_BenNorton_ProjectExercise/providers/Microsoft.Web/serverfarms/dva-terraformed-asp",
            "is_xenon": false,
            "kind": "linux",
            "location": "uksouth",
            "maximum_elastic_worker_count": 1,
            "maximum_number_of_workers": 3,
            "name": "dva-terraformed-asp",
            "per_site_scaling": false,
            "reserved": true,
            "resource_group_name": "Zurich1_BenNorton_ProjectExercise",
            "sku": [
              {
                "capacity": 1,
                "size": "B1",
                "tier": "Basic"
              }
            ],
            "tags": {},
            "timeouts": null,
            "zone_redundant": false
          },
          "sensitive_attributes": [],
          "private": "eyJlMmJmYjczMC1lY2FhLTExZTYtOGY4OC0zNDM2M2JjN2M0YzAiOnsiY3JlYXRlIjozNjAwMDAwMDAwMDAwLCJkZWxldGUiOjM2MDAwMDAwMDAwMDAsInJlYWQiOjMwMDAwMDAwMDAwMCwidXBkYXRlIjozNjAwMDAwMDAwMDAwfX0=",
          "dependencies": [
            "data.azurerm_resource_group.main"
          ]
        }
      ]
    },
    {
      "mode": "managed",
      "type": "azurerm_cosmosdb_account",
      "name": "main",
      "provider": "provider[\"registry.terraform.io/hashicorp/azurerm\"]",
      "instances": [
        {
          "schema_version": 0,
          "attributes": {
            "access_key_metadata_writes_enabled": true,
            "analytical_storage": [
              {
                "schema_type": "FullFidelity"
              }
            ],
            "analytical_storage_enabled": false,
            "backup": [
              {
                "interval_in_minutes": 240,
                "retention_in_hours": 8,
                "storage_redundancy": "Geo",
                "type": "Periodic"
              }
            ],
            "capabilities": [
              {
                "name": "EnableMongo"
              },
              {
                "name": "EnableServerless"
              },
              {
                "name": "MongoDBv3.4"
              },
              {
                "name": "mongoEnableDocLevelTTL"
              }
            ],
            "capacity": [],
            "connection_strings": [
              "mongodb://dva-cosmos-db-account-terraformed:1C6sG39xC6EhJaM6XpyKxOXl0nxlgjacHTnZaJkpwiCjTuyDUgGS83Gpe4ySSlmKoo6wh6T0RzvKz2iNnzu1Qw==@dva-cosmos-db-account-terraformed.mongo.cosmos.azure.com:10255/?ssl=true\u0026replicaSet=globaldb\u0026retrywrites=false\u0026maxIdleTimeMS=120000\u0026appName=@dva-cosmos-db-account-terraformed@",
              "mongodb://dva-cosmos-db-account-terraformed:bZc2rPjifhl3lWFz9D41adhpOyesYCrkWMdKKnXbTi1PJzPOh2Jl0oAjC0YDf0z996aU0Ro4VTY4db0BsHoXCw==@dva-cosmos-db-account-terraformed.mongo.cosmos.azure.com:10255/?ssl=true\u0026replicaSet=globaldb\u0026retrywrites=false\u0026maxIdleTimeMS=120000\u0026appName=@dva-cosmos-db-account-terraformed@",
              "mongodb://dva-cosmos-db-account-terraformed:KLEw7l0l1P0XNpJdVTi0ugnm5HwJkyBuxPQ4oob3yrNBHXd0KsOPFvbfEPMGKOKYAnMzTXXugwf7R3R5P3ZLTg==@dva-cosmos-db-account-terraformed.mongo.cosmos.azure.com:10255/?ssl=true\u0026replicaSet=globaldb\u0026retrywrites=false\u0026maxIdleTimeMS=120000\u0026appName=@dva-cosmos-db-account-terraformed@",
              "mongodb://dva-cosmos-db-account-terraformed:2Sbt5pqt7Mm2kMugYczGnXfKzSCYVg6du9B36wVyhUUl7XttHQ4viKPTGKjoNORIuBlijB70lgBttReYKO430A==@dva-cosmos-db-account-terraformed.mongo.cosmos.azure.com:10255/?ssl=true\u0026replicaSet=globaldb\u0026retrywrites=false\u0026maxIdleTimeMS=120000\u0026appName=@dva-cosmos-db-account-terraformed@"
            ],
            "consistency_policy": [
              {
                "consistency_level": "BoundedStaleness",
                "max_interval_in_seconds": 300,
                "max_staleness_prefix": 100000
              }
            ],
            "cors_rule": [],
            "create_mode": "",
            "default_identity_type": "FirstPartyIdentity",
            "enable_automatic_failover": true,
            "enable_free_tier": false,
            "enable_multiple_write_locations": false,
            "endpoint": "https://dva-cosmos-db-account-terraformed.documents.azure.com:443/",
            "geo_location": [
              {
                "failover_priority": 0,
                "id": "dva-cosmos-db-account-terraformed-uksouth",
                "location": "uksouth",
                "zone_redundant": false
              }
            ],
            "id": "/subscriptions/d33b95c7-af3c-4247-9661-aa96d47fccc0/resourceGroups/Zurich1_BenNorton_ProjectExercise/providers/Microsoft.DocumentDB/databaseAccounts/dva-cosmos-db-account-terraformed",
            "identity": [],
            "ip_range_filter": "",
            "is_virtual_network_filter_enabled": false,
            "key_vault_key_id": null,
            "kind": "MongoDB",
            "local_authentication_disabled": false,
            "location": "uksouth",
            "mongo_server_version": "3.6",
            "name": "dva-cosmos-db-account-terraformed",
            "network_acl_bypass_for_azure_services": false,
            "network_acl_bypass_ids": [],
            "offer_type": "Standard",
            "primary_key": "1C6sG39xC6EhJaM6XpyKxOXl0nxlgjacHTnZaJkpwiCjTuyDUgGS83Gpe4ySSlmKoo6wh6T0RzvKz2iNnzu1Qw==",
            "primary_readonly_key": "KLEw7l0l1P0XNpJdVTi0ugnm5HwJkyBuxPQ4oob3yrNBHXd0KsOPFvbfEPMGKOKYAnMzTXXugwf7R3R5P3ZLTg==",
            "public_network_access_enabled": true,
            "read_endpoints": [
              "https://dva-cosmos-db-account-terraformed-uksouth.documents.azure.com:443/"
            ],
            "resource_group_name": "Zurich1_BenNorton_ProjectExercise",
            "restore": [],
            "secondary_key": "bZc2rPjifhl3lWFz9D41adhpOyesYCrkWMdKKnXbTi1PJzPOh2Jl0oAjC0YDf0z996aU0Ro4VTY4db0BsHoXCw==",
            "secondary_readonly_key": "2Sbt5pqt7Mm2kMugYczGnXfKzSCYVg6du9B36wVyhUUl7XttHQ4viKPTGKjoNORIuBlijB70lgBttReYKO430A==",
            "tags": {},
            "timeouts": null,
            "virtual_network_rule": [],
            "write_endpoints": [
              "https://dva-cosmos-db-account-terraformed-uksouth.documents.azure.com:443/"
            ]
          },
          "sensitive_attributes": [],
          "private": "eyJlMmJmYjczMC1lY2FhLTExZTYtOGY4OC0zNDM2M2JjN2M0YzAiOnsiY3JlYXRlIjoxMDgwMDAwMDAwMDAwMCwiZGVsZXRlIjoxMDgwMDAwMDAwMDAwMCwicmVhZCI6MzAwMDAwMDAwMDAwLCJ1cGRhdGUiOjEwODAwMDAwMDAwMDAwfX0=",
          "dependencies": [
            "data.azurerm_resource_group.main"
          ]
        }
      ]
    },
    {
      "mode": "managed",
      "type": "azurerm_cosmosdb_mongo_database",
      "name": "main",
      "provider": "provider[\"registry.terraform.io/hashicorp/azurerm\"]",
      "instances": [
        {
          "schema_version": 1,
          "attributes": {
            "account_name": "dva-cosmos-db-account-terraformed",
            "autoscale_settings": [],
            "id": "/subscriptions/d33b95c7-af3c-4247-9661-aa96d47fccc0/resourceGroups/Zurich1_BenNorton_ProjectExercise/providers/Microsoft.DocumentDB/databaseAccounts/dva-cosmos-db-account-terraformed/mongodbDatabases/dva-cosmos-db-terraformed",
            "name": "dva-cosmos-db-terraformed",
            "resource_group_name": "Zurich1_BenNorton_ProjectExercise",
            "throughput": null,
            "timeouts": null
          },
          "sensitive_attributes": [],
          "private": "eyJlMmJmYjczMC1lY2FhLTExZTYtOGY4OC0zNDM2M2JjN2M0YzAiOnsiY3JlYXRlIjoxODAwMDAwMDAwMDAwLCJkZWxldGUiOjE4MDAwMDAwMDAwMDAsInJlYWQiOjMwMDAwMDAwMDAwMCwidXBkYXRlIjoxODAwMDAwMDAwMDAwfSwic2NoZW1hX3ZlcnNpb24iOiIxIn0=",
          "dependencies": [
            "azurerm_cosmosdb_account.main",
            "data.azurerm_resource_group.main"
          ]
        }
      ]
    },
    {
      "mode": "managed",
      "type": "azurerm_storage_account",
      "name": "main",
      "provider": "provider[\"registry.terraform.io/hashicorp/azurerm\"]",
      "instances": [
        {
          "schema_version": 3,
          "attributes": {
            "access_tier": "Hot",
            "account_kind": "StorageV2",
            "account_replication_type": "LRS",
            "account_tier": "Standard",
            "allow_nested_items_to_be_public": true,
            "azure_files_authentication": [],
            "blob_properties": [
              {
                "change_feed_enabled": false,
                "container_delete_retention_policy": [],
                "cors_rule": [],
                "default_service_version": "",
                "delete_retention_policy": [],
                "last_access_time_enabled": false,
                "versioning_enabled": false
              }
            ],
            "custom_domain": [],
            "customer_managed_key": [],
            "edge_zone": "",
            "enable_https_traffic_only": true,
            "id": "/subscriptions/d33b95c7-af3c-4247-9661-aa96d47fccc0/resourceGroups/Zurich1_BenNorton_ProjectExercise/providers/Microsoft.Storage/storageAccounts/tfstateyvb9r",
            "identity": [],
            "infrastructure_encryption_enabled": false,
            "is_hns_enabled": false,
            "large_file_share_enabled": null,
            "location": "uksouth",
            "min_tls_version": "TLS1_2",
            "name": "tfstateyvb9r",
            "network_rules": [
              {
                "bypass": [
                  "AzureServices"
                ],
                "default_action": "Allow",
                "ip_rules": [],
                "private_link_access": [],
                "virtual_network_subnet_ids": []
              }
            ],
            "nfsv3_enabled": false,
            "primary_access_key": "A5vH0mY8aC/exVxgOu6eym30QXal1ySIY4cnQqg+XefNvyyPnckAi6MzBaTLhO1ZfEM1iynhuUr+9RLeJZhuTw==",
            "primary_blob_connection_string": "DefaultEndpointsProtocol=https;BlobEndpoint=https://tfstateyvb9r.blob.core.windows.net/;AccountName=tfstateyvb9r;AccountKey=A5vH0mY8aC/exVxgOu6eym30QXal1ySIY4cnQqg+XefNvyyPnckAi6MzBaTLhO1ZfEM1iynhuUr+9RLeJZhuTw==",
            "primary_blob_endpoint": "https://tfstateyvb9r.blob.core.windows.net/",
            "primary_blob_host": "tfstateyvb9r.blob.core.windows.net",
            "primary_connection_string": "DefaultEndpointsProtocol=https;AccountName=tfstateyvb9r;AccountKey=A5vH0mY8aC/exVxgOu6eym30QXal1ySIY4cnQqg+XefNvyyPnckAi6MzBaTLhO1ZfEM1iynhuUr+9RLeJZhuTw==;EndpointSuffix=core.windows.net",
            "primary_dfs_endpoint": "https://tfstateyvb9r.dfs.core.windows.net/",
            "primary_dfs_host": "tfstateyvb9r.dfs.core.windows.net",
            "primary_file_endpoint": "https://tfstateyvb9r.file.core.windows.net/",
            "primary_file_host": "tfstateyvb9r.file.core.windows.net",
            "primary_location": "uksouth",
            "primary_queue_endpoint": "https://tfstateyvb9r.queue.core.windows.net/",
            "primary_queue_host": "tfstateyvb9r.queue.core.windows.net",
            "primary_table_endpoint": "https://tfstateyvb9r.table.core.windows.net/",
            "primary_table_host": "tfstateyvb9r.table.core.windows.net",
            "primary_web_endpoint": "https://tfstateyvb9r.z33.web.core.windows.net/",
            "primary_web_host": "tfstateyvb9r.z33.web.core.windows.net",
            "queue_encryption_key_type": "Service",
            "queue_properties": [
              {
                "cors_rule": [],
                "hour_metrics": [
                  {
                    "enabled": true,
                    "include_apis": true,
                    "retention_policy_days": 7,
                    "version": "1.0"
                  }
                ],
                "logging": [
                  {
                    "delete": false,
                    "read": false,
                    "retention_policy_days": 0,
                    "version": "1.0",
                    "write": false
                  }
                ],
                "minute_metrics": [
                  {
                    "enabled": false,
                    "include_apis": false,
                    "retention_policy_days": 0,
                    "version": "1.0"
                  }
                ]
              }
            ],
            "resource_group_name": "Zurich1_BenNorton_ProjectExercise",
            "routing": [],
            "secondary_access_key": "4oUskFnC0rSGfy9chIrl3zHeTs/6kouW1GphLf8fcdASS2Ru48b8sOZ5O1gL9Hm9SdawnGNocmRoAcTfO3tWhw==",
            "secondary_blob_connection_string": "",
            "secondary_blob_endpoint": null,
            "secondary_blob_host": null,
            "secondary_connection_string": "DefaultEndpointsProtocol=https;AccountName=tfstateyvb9r;AccountKey=4oUskFnC0rSGfy9chIrl3zHeTs/6kouW1GphLf8fcdASS2Ru48b8sOZ5O1gL9Hm9SdawnGNocmRoAcTfO3tWhw==;EndpointSuffix=core.windows.net",
            "secondary_dfs_endpoint": null,
            "secondary_dfs_host": null,
            "secondary_file_endpoint": null,
            "secondary_file_host": null,
            "secondary_location": "",
            "secondary_queue_endpoint": null,
            "secondary_queue_host": null,
            "secondary_table_endpoint": null,
            "secondary_table_host": null,
            "secondary_web_endpoint": null,
            "secondary_web_host": null,
            "share_properties": [
              {
                "cors_rule": [],
                "retention_policy": [
                  {
                    "days": 7
                  }
                ],
                "smb": []
              }
            ],
            "shared_access_key_enabled": true,
            "static_website": [],
            "table_encryption_key_type": "Service",
            "tags": {
              "environment": "staging"
            },
            "timeouts": null
          },
          "sensitive_attributes": [],
          "private": "eyJlMmJmYjczMC1lY2FhLTExZTYtOGY4OC0zNDM2M2JjN2M0YzAiOnsiY3JlYXRlIjozNjAwMDAwMDAwMDAwLCJkZWxldGUiOjM2MDAwMDAwMDAwMDAsInJlYWQiOjMwMDAwMDAwMDAwMCwidXBkYXRlIjozNjAwMDAwMDAwMDAwfSwic2NoZW1hX3ZlcnNpb24iOiIzIn0=",
          "dependencies": [
            "data.azurerm_resource_group.main",
            "random_string.resource_code"
          ]
        }
      ]
    },
    {
      "mode": "managed",
      "type": "azurerm_storage_container",
      "name": "main",
      "provider": "provider[\"registry.terraform.io/hashicorp/azurerm\"]",
      "instances": [
        {
          "schema_version": 1,
          "attributes": {
            "container_access_type": "blob",
            "has_immutability_policy": false,
            "has_legal_hold": false,
            "id": "https://tfstateyvb9r.blob.core.windows.net/tfstate",
            "metadata": {},
            "name": "tfstate",
            "resource_manager_id": "/subscriptions/d33b95c7-af3c-4247-9661-aa96d47fccc0/resourceGroups/Zurich1_BenNorton_ProjectExercise/providers/Microsoft.Storage/storageAccounts/tfstateyvb9r/blobServices/default/containers/tfstate",
            "storage_account_name": "tfstateyvb9r",
            "timeouts": null
          },
          "sensitive_attributes": [],
          "private": "eyJlMmJmYjczMC1lY2FhLTExZTYtOGY4OC0zNDM2M2JjN2M0YzAiOnsiY3JlYXRlIjoxODAwMDAwMDAwMDAwLCJkZWxldGUiOjE4MDAwMDAwMDAwMDAsInJlYWQiOjMwMDAwMDAwMDAwMCwidXBkYXRlIjoxODAwMDAwMDAwMDAwfSwic2NoZW1hX3ZlcnNpb24iOiIxIn0=",
          "dependencies": [
            "azurerm_storage_account.main",
            "data.azurerm_resource_group.main",
            "random_string.resource_code"
          ]
        }
      ]
    },
    {
      "mode": "managed",
      "type": "random_string",
      "name": "resource_code",
      "provider": "provider[\"registry.terraform.io/hashicorp/random\"]",
      "instances": [
        {
          "schema_version": 1,
          "attributes": {
            "id": "yvb9r",
            "keepers": null,
            "length": 5,
            "lower": true,
            "min_lower": 0,
            "min_numeric": 0,
            "min_special": 0,
            "min_upper": 0,
            "number": true,
            "override_special": null,
            "result": "yvb9r",
            "special": false,
            "upper": false
          },
          "sensitive_attributes": [],
          "private": "eyJzY2hlbWFfdmVyc2lvbiI6IjEifQ=="
        }
      ]
    }
  ]
}
